
Microsoft Visual Studio Solution File, Format Version 12.00
# Visual Studio Version 16
VisualStudioVersion = 16.0.29609.76
MinimumVisualStudioVersion = 10.0.40219.1
Project("{FAE04EC0-301F-11D3-BF4B-00C04F79EFBC}") = "ContactCompanyMerge", "ContactCompanyMerge\ContactCompanyMerge.csproj", "{3B99F3C2-6CFC-414A-B8F4-494B4D68DA37}"
EndProject
Global
	GlobalSection(SolutionConfigurationPlatforms) = preSolution
		Debug|Any CPU = Debug|Any CPU
		Release|Any CPU = Release|Any CPU
	EndGlobalSection
	GlobalSection(ProjectConfigurationPlatforms) = postSolution
		{3B99F3C2-6CFC-414A-B8F4-494B4D68DA37}.Debug|Any CPU.ActiveCfg = Debug|Any CPU
		{3B99F3C2-6CFC-414A-B8F4-494B4D68DA37}.Debug|Any CPU.Build.0 = Debug|Any CPU
		{3B99F3C2-6CFC-414A-B8F4-494B4D68DA37}.Release|Any CPU.ActiveCfg = Release|Any CPU
		{3B99F3C2-6CFC-414A-B8F4-494B4D68DA37}.Release|Any CPU.Build.0 = Release|Any CPU
	EndGlobalSection
	GlobalSection(SolutionProperties) = preSolution
		HideSolutionNode = FALSE
	EndGlobalSection
	GlobalSection(ExtensibilityGlobals) = postSolution
		SolutionGuid = {87513384-EBFA-4CFF-9C94-0908F61C3CA0}
	EndGlobalSection
EndGlobal
